
Microsoft Visual Studio Solution File, Format Version 12.00
# Visual Studio 2012
Project("{FAE04EC0-301F-11D3-BF4B-00C04F79EFBC}") = "Dogfood.CSharp", "Dogfood.CSharp\Dogfood.CSharp.csproj", "{9884CC99-AC35-4E68-A2C8-27C1E973A142}"
EndProject
Global
	GlobalSection(SolutionConfigurationPlatforms) = preSolution
		Debug|iPhoneSimulator = Debug|iPhoneSimulator
		Release|iPhone = Release|iPhone
		Release|iPhoneSimulator = Release|iPhoneSimulator
		Debug|iPhone = Debug|iPhone
	EndGlobalSection
	GlobalSection(ProjectConfigurationPlatforms) = postSolution
		{9884CC99-AC35-4E68-A2C8-27C1E973A142}.Debug|iPhoneSimulator.ActiveCfg = Debug|iPhoneSimulator
		{9884CC99-AC35-4E68-A2C8-27C1E973A142}.Debug|iPhoneSimulator.Build.0 = Debug|iPhoneSimulator
		{9884CC99-AC35-4E68-A2C8-27C1E973A142}.Release|iPhone.ActiveCfg = Release|iPhone
		{9884CC99-AC35-4E68-A2C8-27C1E973A142}.Release|iPhone.Build.0 = Release|iPhone
		{9884CC99-AC35-4E68-A2C8-27C1E973A142}.Release|iPhoneSimulator.ActiveCfg = Release|iPhoneSimulator
		{9884CC99-AC35-4E68-A2C8-27C1E973A142}.Release|iPhoneSimulator.Build.0 = Release|iPhoneSimulator
		{9884CC99-AC35-4E68-A2C8-27C1E973A142}.Debug|iPhone.ActiveCfg = Debug|iPhone
		{9884CC99-AC35-4E68-A2C8-27C1E973A142}.Debug|iPhone.Build.0 = Debug|iPhone
	EndGlobalSection
EndGlobal
